
Microsoft Visual Studio Solution File, Format Version 12.00
# Visual Studio 15
VisualStudioVersion = 15.0.28307.539
MinimumVisualStudioVersion = 10.0.40219.1
Project("{FAE04EC0-301F-11D3-BF4B-00C04F79EFBC}") = "download", "download\download.csproj", "{B64AE586-3A08-4FB2-BEEC-15772EA73972}"
EndProject
Global
	GlobalSection(SolutionConfigurationPlatforms) = preSolution
		Debug|Any CPU = Debug|Any CPU
		Release|Any CPU = Release|Any CPU
	EndGlobalSection
	GlobalSection(ProjectConfigurationPlatforms) = postSolution
		{B64AE586-3A08-4FB2-BEEC-15772EA73972}.Debug|Any CPU.ActiveCfg = Debug|Any CPU
		{B64AE586-3A08-4FB2-BEEC-15772EA73972}.Debug|Any CPU.Build.0 = Debug|Any CPU
		{B64AE586-3A08-4FB2-BEEC-15772EA73972}.Release|Any CPU.ActiveCfg = Release|Any CPU
		{B64AE586-3A08-4FB2-BEEC-15772EA73972}.Release|Any CPU.Build.0 = Release|Any CPU
	EndGlobalSection
	GlobalSection(SolutionProperties) = preSolution
		HideSolutionNode = FALSE
	EndGlobalSection
	GlobalSection(ExtensibilityGlobals) = postSolution
		SolutionGuid = {7DE20CE8-A693-40B3-882B-C1E9DA2A362D}
	EndGlobalSection
EndGlobal
